
Microsoft Visual Studio Solution File, Format Version 12.00
# Visual Studio Version 17
VisualStudioVersion = 17.0.31903.59
MinimumVisualStudioVersion = 10.0.40219.1
Project("{2150E333-8FDC-42A3-9474-1A3956D46DE8}") = "src", "src", "{9A184F14-3050-40B6-BBD6-35EBA94F051D}"
EndProject
Project("{FAE04EC0-301F-11D3-BF4B-00C04F79EFBC}") = "Dotnet9.WebApi.ResultPattern.Demo", "src\Dotnet9.WebApi.ResultPattern.Demo\Dotnet9.WebApi.ResultPattern.Demo.csproj", "{917834D3-9E0F-432F-8AA4-54FAF9434612}"
EndProject
Project("{2150E333-8FDC-42A3-9474-1A3956D46DE8}") = "tests", "tests", "{6EC0388C-0343-4B17-B7A5-E8879BE314AC}"
EndProject
Project("{FAE04EC0-301F-11D3-BF4B-00C04F79EFBC}") = "Dotnet9.WebApi.ResultPattern.Demo.UnitTests", "Dotnet9.WebApi.ResultPattern.Demo.UnitTests\Dotnet9.WebApi.ResultPattern.Demo.UnitTests.csproj", "{E02EAF11-8254-4FD9-B018-3F7D4BBD3242}"
EndProject
Global
	GlobalSection(SolutionConfigurationPlatforms) = preSolution
		Debug|Any CPU = Debug|Any CPU
		Release|Any CPU = Release|Any CPU
	EndGlobalSection
	GlobalSection(SolutionProperties) = preSolution
		HideSolutionNode = FALSE
	EndGlobalSection
	GlobalSection(ProjectConfigurationPlatforms) = postSolution
		{917834D3-9E0F-432F-8AA4-54FAF9434612}.Debug|Any CPU.ActiveCfg = Debug|Any CPU
		{917834D3-9E0F-432F-8AA4-54FAF9434612}.Debug|Any CPU.Build.0 = Debug|Any CPU
		{917834D3-9E0F-432F-8AA4-54FAF9434612}.Release|Any CPU.ActiveCfg = Release|Any CPU
		{917834D3-9E0F-432F-8AA4-54FAF9434612}.Release|Any CPU.Build.0 = Release|Any CPU
		{E02EAF11-8254-4FD9-B018-3F7D4BBD3242}.Debug|Any CPU.ActiveCfg = Debug|Any CPU
		{E02EAF11-8254-4FD9-B018-3F7D4BBD3242}.Debug|Any CPU.Build.0 = Debug|Any CPU
		{E02EAF11-8254-4FD9-B018-3F7D4BBD3242}.Release|Any CPU.ActiveCfg = Release|Any CPU
		{E02EAF11-8254-4FD9-B018-3F7D4BBD3242}.Release|Any CPU.Build.0 = Release|Any CPU
	EndGlobalSection
	GlobalSection(NestedProjects) = preSolution
		{917834D3-9E0F-432F-8AA4-54FAF9434612} = {9A184F14-3050-40B6-BBD6-35EBA94F051D}
		{E02EAF11-8254-4FD9-B018-3F7D4BBD3242} = {6EC0388C-0343-4B17-B7A5-E8879BE314AC}
	EndGlobalSection
EndGlobal
